// !$*UTF8*$!
{
	archiveVersion = 1;
	classes = {
	};
	objectVersion = 46;
	objects = {

/* Begin PBXBuildFile section */
		49A1860B19B253010077C3CC /* Foundation.framework in Frameworks */ = {isa = PBXBuildFile; fileRef = 49A1860A19B253010077C3CC /* Foundation.framework */; };
		49A1860D19B253010077C3CC /* CoreGraphics.framework in Frameworks */ = {isa = PBXBuildFile; fileRef = 49A1860C19B253010077C3CC /* CoreGraphics.framework */; };
		49A1860F19B253010077C3CC /* UIKit.framework in Frameworks */ = {isa = PBXBuildFile; fileRef = 49A1860E19B253010077C3CC /* UIKit.framework */; };
		49A1861519B253010077C3CC /* InfoPlist.strings in Resources */ = {isa = PBXBuildFile; fileRef = 49A1861319B253010077C3CC /* InfoPlist.strings */; };
		49A1861719B253010077C3CC /* main.m in Sources */ = {isa = PBXBuildFile; fileRef = 49A1861619B253010077C3CC /* main.m */; };
		49A1861B19B253020077C3CC /* MBAppDelegate.m in Sources */ = {isa = PBXBuildFile; fileRef = 49A1861A19B253020077C3CC /* MBAppDelegate.m */; };
		49A1861E19B253020077C3CC /* Main.storyboard in Resources */ = {isa = PBXBuildFile; fileRef = 49A1861C19B253020077C3CC /* Main.storyboard */; };
		49A1862319B253020077C3CC /* Images.xcassets in Resources */ = {isa = PBXBuildFile; fileRef = 49A1862219B253020077C3CC /* Images.xcassets */; };
		49A1862A19B253020077C3CC /* XCTest.framework in Frameworks */ = {isa = PBXBuildFile; fileRef = 49A1862919B253020077C3CC /* XCTest.framework */; };
		49A1862B19B253020077C3CC /* Foundation.framework in Frameworks */ = {isa = PBXBuildFile; fileRef = 49A1860A19B253010077C3CC /* Foundation.framework */; };
		49A1862C19B253020077C3CC /* UIKit.framework in Frameworks */ = {isa = PBXBuildFile; fileRef = 49A1860E19B253010077C3CC /* UIKit.framework */; };
		49A1863419B253020077C3CC /* InfoPlist.strings in Resources */ = {isa = PBXBuildFile; fileRef = 49A1863219B253020077C3CC /* InfoPlist.strings */; };
		49A1863619B253020077C3CC /* ProjectSixTests.m in Sources */ = {isa = PBXBuildFile; fileRef = 49A1863519B253020077C3CC /* ProjectSixTests.m */; };
		49A1864119B253700077C3CC /* MBTableViewController.m in Sources */ = {isa = PBXBuildFile; fileRef = 49A1864019B253700077C3CC /* MBTableViewController.m */; };
/* End PBXBuildFile section */

/* Begin PBXContainerItemProxy section */
		49A1862D19B253020077C3CC /* PBXContainerItemProxy */ = {
			isa = PBXContainerItemProxy;
			containerPortal = 49A185FF19B253010077C3CC /* Project object */;
			proxyType = 1;
			remoteGlobalIDString = 49A1860619B253010077C3CC;
			remoteInfo = ProjectSix;
		};
/* End PBXContainerItemProxy section */

/* Begin PBXFileReference section */
		49A1860719B253010077C3CC /* ProjectSix.app */ = {isa = PBXFileReference; explicitFileType = wrapper.application; includeInIndex = 0; path = ProjectSix.app; sourceTree = BUILT_PRODUCTS_DIR; };
		49A1860A19B253010077C3CC /* Foundation.framework */ = {isa = PBXFileReference; lastKnownFileType = wrapper.framework; name = Foundation.framework; path = System/Library/Frameworks/Foundation.framework; sourceTree = SDKROOT; };
		49A1860C19B253010077C3CC /* CoreGraphics.framework */ = {isa = PBXFileReference; lastKnownFileType = wrapper.framework; name = CoreGraphics.framework; path = System/Library/Frameworks/CoreGraphics.framework; sourceTree = SDKROOT; };
		49A1860E19B253010077C3CC /* UIKit.framework */ = {isa = PBXFileReference; lastKnownFileType = wrapper.framework; name = UIKit.framework; path = System/Library/Frameworks/UIKit.framework; sourceTree = SDKROOT; };
		49A1861219B253010077C3CC /* ProjectSix-Info.plist */ = {isa = PBXFileReference; lastKnownFileType = text.plist.xml; path = "ProjectSix-Info.plist"; sourceTree = "<group>"; };
		49A1861419B253010077C3CC /* en */ = {isa = PBXFileReference; lastKnownFileType = text.plist.strings; name = en; path = en.lproj/InfoPlist.strings; sourceTree = "<group>"; };
		49A1861619B253010077C3CC /* main.m */ = {isa = PBXFileReference; lastKnownFileType = sourcecode.c.objc; path = main.m; sourceTree = "<group>"; };
		49A1861819B253010077C3CC /* ProjectSix-Prefix.pch */ = {isa = PBXFileReference; lastKnownFileType = sourcecode.c.h; path = "ProjectSix-Prefix.pch"; sourceTree = "<group>"; };
		49A1861919B253020077C3CC /* MBAppDelegate.h */ = {isa = PBXFileReference; lastKnownFileType = sourcecode.c.h; path = MBAppDelegate.h; sourceTree = "<group>"; };
		49A1861A19B253020077C3CC /* MBAppDelegate.m */ = {isa = PBXFileReference; lastKnownFileType = sourcecode.c.objc; path = MBAppDelegate.m; sourceTree = "<group>"; };
		49A1861D19B253020077C3CC /* Base */ = {isa = PBXFileReference; lastKnownFileType = file.storyboard; name = Base; path = Base.lproj/Main.storyboard; sourceTree = "<group>"; };
		49A1862219B253020077C3CC /* Images.xcassets */ = {isa = PBXFileReference; lastKnownFileType = folder.assetcatalog; path = Images.xcassets; sourceTree = "<group>"; };
		49A1862819B253020077C3CC /* ProjectSixTests.xctest */ = {isa = PBXFileReference; explicitFileType = wrapper.cfbundle; includeInIndex = 0; path = ProjectSixTests.xctest; sourceTree = BUILT_PRODUCTS_DIR; };
		49A1862919B253020077C3CC /* XCTest.framework */ = {isa = PBXFileReference; lastKnownFileType = wrapper.framework; name = XCTest.framework; path = Library/Frameworks/XCTest.framework; sourceTree = DEVELOPER_DIR; };
		49A1863119B253020077C3CC /* ProjectSixTests-Info.plist */ = {isa = PBXFileReference; lastKnownFileType = text.plist.xml; path = "ProjectSixTests-Info.plist"; sourceTree = "<group>"; };
		49A1863319B253020077C3CC /* en */ = {isa = PBXFileReference; lastKnownFileType = text.plist.strings; name = en; path = en.lproj/InfoPlist.strings; sourceTree = "<group>"; };
		49A1863519B253020077C3CC /* ProjectSixTests.m */ = {isa = PBXFileReference; lastKnownFileType = sourcecode.c.objc; path = ProjectSixTests.m; sourceTree = "<group>"; };
		49A1863F19B253700077C3CC /* MBTableViewController.h */ = {isa = PBXFileReference; fileEncoding = 4; lastKnownFileType = sourcecode.c.h; path = MBTableViewController.h; sourceTree = "<group>"; };
		49A1864019B253700077C3CC /* MBTableViewController.m */ = {isa = PBXFileReference; fileEncoding = 4; lastKnownFileType = sourcecode.c.objc; path = MBTableViewController.m; sourceTree = "<group>"; };
/* End PBXFileReference section */

/* Begin PBXFrameworksBuildPhase section */
		49A1860419B253010077C3CC /* Frameworks */ = {
			isa = PBXFrameworksBuildPhase;
			buildActionMask = 2147483647;
			files = (
				49A1860D19B253010077C3CC /* CoreGraphics.framework in Frameworks */,
				49A1860F19B253010077C3CC /* UIKit.framework in Frameworks */,
				49A1860B19B253010077C3CC /* Foundation.framework in Frameworks */,
			);
			runOnlyForDeploymentPostprocessing = 0;
		};
		49A1862519B253020077C3CC /* Frameworks */ = {
			isa = PBXFrameworksBuildPhase;
			buildActionMask = 2147483647;
			files = (
				49A1862A19B253020077C3CC /* XCTest.framework in Frameworks */,
				49A1862C19B253020077C3CC /* UIKit.framework in Frameworks */,
				49A1862B19B253020077C3CC /* Foundation.framework in Frameworks */,
			);
			runOnlyForDeploymentPostprocessing = 0;
		};
/* End PBXFrameworksBuildPhase section */

/* Begin PBXGroup section */
		49A185FE19B253010077C3CC = {
			isa = PBXGroup;
			children = (
				49A1861019B253010077C3CC /* ProjectSix */,
				49A1862F19B253020077C3CC /* ProjectSixTests */,
				49A1860919B253010077C3CC /* Frameworks */,
				49A1860819B253010077C3CC /* Products */,
			);
			sourceTree = "<group>";
		};
		49A1860819B253010077C3CC /* Products */ = {
			isa = PBXGroup;
			children = (
				49A1860719B253010077C3CC /* ProjectSix.app */,
				49A1862819B253020077C3CC /* ProjectSixTests.xctest */,
			);
			name = Products;
			sourceTree = "<group>";
		};
		49A1860919B253010077C3CC /* Frameworks */ = {
			isa = PBXGroup;
			children = (
				49A1860A19B253010077C3CC /* Foundation.framework */,
				49A1860C19B253010077C3CC /* CoreGraphics.framework */,
				49A1860E19B253010077C3CC /* UIKit.framework */,
				49A1862919B253020077C3CC /* XCTest.framework */,
			);
			name = Frameworks;
			sourceTree = "<group>";
		};
		49A1861019B253010077C3CC /* ProjectSix */ = {
			isa = PBXGroup;
			children = (
				49A1861919B253020077C3CC /* MBAppDelegate.h */,
				49A1861A19B253020077C3CC /* MBAppDelegate.m */,
				49A1861C19B253020077C3CC /* Main.storyboard */,
				49A1863F19B253700077C3CC /* MBTableViewController.h */,
				49A1864019B253700077C3CC /* MBTableViewController.m */,
				49A1862219B253020077C3CC /* Images.xcassets */,
				49A1861119B253010077C3CC /* Supporting Files */,
			);
			path = ProjectSix;
			sourceTree = "<group>";
		};
		49A1861119B253010077C3CC /* Supporting Files */ = {
			isa = PBXGroup;
			children = (
				49A1861219B253010077C3CC /* ProjectSix-Info.plist */,
				49A1861319B253010077C3CC /* InfoPlist.strings */,
				49A1861619B253010077C3CC /* main.m */,
				49A1861819B253010077C3CC /* ProjectSix-Prefix.pch */,
			);
			name = "Supporting Files";
			sourceTree = "<group>";
		};
		49A1862F19B253020077C3CC /* ProjectSixTests */ = {
			isa = PBXGroup;
			children = (
				49A1863519B253020077C3CC /* ProjectSixTests.m */,
				49A1863019B253020077C3CC /* Supporting Files */,
			);
			path = ProjectSixTests;
			sourceTree = "<group>";
		};
		49A1863019B253020077C3CC /* Supporting Files */ = {
			isa = PBXGroup;
			children = (
				49A1863119B253020077C3CC /* ProjectSixTests-Info.plist */,
				49A1863219B253020077C3CC /* InfoPlist.strings */,
			);
			name = "Supporting Files";
			sourceTree = "<group>";
		};
/* End PBXGroup section */

/* Begin PBXNativeTarget section */
		49A1860619B253010077C3CC /* ProjectSix */ = {
			isa = PBXNativeTarget;
			buildConfigurationList = 49A1863919B253020077C3CC /* Build configuration list for PBXNativeTarget "ProjectSix" */;
			buildPhases = (
				49A1860319B253010077C3CC /* Sources */,
				49A1860419B253010077C3CC /* Frameworks */,
				49A1860519B253010077C3CC /* Resources */,
			);
			buildRules = (
			);
			dependencies = (
			);
			name = ProjectSix;
			productName = ProjectSix;
			productReference = 49A1860719B253010077C3CC /* ProjectSix.app */;
			productType = "com.apple.product-type.application";
		};
		49A1862719B253020077C3CC /* ProjectSixTests */ = {
			isa = PBXNativeTarget;
			buildConfigurationList = 49A1863C19B253020077C3CC /* Build configuration list for PBXNativeTarget "ProjectSixTests" */;
			buildPhases = (
				49A1862419B253020077C3CC /* Sources */,
				49A1862519B253020077C3CC /* Frameworks */,
				49A1862619B253020077C3CC /* Resources */,
			);
			buildRules = (
			);
			dependencies = (
				49A1862E19B253020077C3CC /* PBXTargetDependency */,
			);
			name = ProjectSixTests;
			productName = ProjectSixTests;
			productReference = 49A1862819B253020077C3CC /* ProjectSixTests.xctest */;
			productType = "com.apple.product-type.bundle.unit-test";
		};
/* End PBXNativeTarget section */

/* Begin PBXProject section */
		49A185FF19B253010077C3CC /* Project object */ = {
			isa = PBXProject;
			attributes = {
				CLASSPREFIX = MB;
				LastUpgradeCheck = 0510;
				ORGANIZATIONNAME = "Account Hero";
				TargetAttributes = {
					49A1862719B253020077C3CC = {
						TestTargetID = 49A1860619B253010077C3CC;
					};
				};
			};
			buildConfigurationList = 49A1860219B253010077C3CC /* Build configuration list for PBXProject "ProjectSix" */;
			compatibilityVersion = "Xcode 3.2";
			developmentRegion = English;
			hasScannedForEncodings = 0;
			knownRegions = (
				en,
				Base,
			);
			mainGroup = 49A185FE19B253010077C3CC;
			productRefGroup = 49A1860819B253010077C3CC /* Products */;
			projectDirPath = "";
			projectRoot = "";
			targets = (
				49A1860619B253010077C3CC /* ProjectSix */,
				49A1862719B253020077C3CC /* ProjectSixTests */,
			);
		};
/* End PBXProject section */

/* Begin PBXResourcesBuildPhase section */
		49A1860519B253010077C3CC /* Resources */ = {
			isa = PBXResourcesBuildPhase;
			buildActionMask = 2147483647;
			files = (
				49A1862319B253020077C3CC /* Images.xcassets in Resources */,
				49A1861519B253010077C3CC /* InfoPlist.strings in Resources */,
				49A1861E19B253020077C3CC /* Main.storyboard in Resources */,
			);
			runOnlyForDeploymentPostprocessing = 0;
		};
		49A1862619B253020077C3CC /* Resources */ = {
			isa = PBXResourcesBuildPhase;
			buildActionMask = 2147483647;
			files = (
				49A1863419B253020077C3CC /* InfoPlist.strings in Resources */,
			);
			runOnlyForDeploymentPostprocessing = 0;
		};
/* End PBXResourcesBuildPhase section */

/* Begin PBXSourcesBuildPhase section */
		49A1860319B253010077C3CC /* Sources */ = {
			isa = PBXSourcesBuildPhase;
			buildActionMask = 2147483647;
			files = (
				49A1861719B253010077C3CC /* main.m in Sources */,
				49A1864119B253700077C3CC /* MBTableViewController.m in Sources */,
				49A1861B19B253020077C3CC /* MBAppDelegate.m in Sources */,
			);
			runOnlyForDeploymentPostprocessing = 0;
		};
		49A1862419B253020077C3CC /* Sources */ = {
			isa = PBXSourcesBuildPhase;
			buildActionMask = 2147483647;
			files = (
				49A1863619B253020077C3CC /* ProjectSixTests.m in Sources */,
			);
			runOnlyForDeploymentPostprocessing = 0;
		};
/* End PBXSourcesBuildPhase section */

/* Begin PBXTargetDependency section */
		49A1862E19B253020077C3CC /* PBXTargetDependency */ = {
			isa = PBXTargetDependency;
			target = 49A1860619B253010077C3CC /* ProjectSix */;
			targetProxy = 49A1862D19B253020077C3CC /* PBXContainerItemProxy */;
		};
/* End PBXTargetDependency section */

/* Begin PBXVariantGroup section */
		49A1861319B253010077C3CC /* InfoPlist.strings */ = {
			isa = PBXVariantGroup;
			children = (
				49A1861419B253010077C3CC /* en */,
			);
			name = InfoPlist.strings;
			sourceTree = "<group>";
		};
		49A1861C19B253020077C3CC /* Main.storyboard */ = {
			isa = PBXVariantGroup;
			children = (
				49A1861D19B253020077C3CC /* Base */,
			);
			name = Main.storyboard;
			sourceTree = "<group>";
		};
		49A1863219B253020077C3CC /* InfoPlist.strings */ = {
			isa = PBXVariantGroup;
			children = (
				49A1863319B253020077C3CC /* en */,
			);
			name = InfoPlist.strings;
			sourceTree = "<group>";
		};
/* End PBXVariantGroup section */

/* Begin XCBuildConfiguration section */
		49A1863719B253020077C3CC /* Debug */ = {
			isa = XCBuildConfiguration;
			buildSettings = {
				ALWAYS_SEARCH_USER_PATHS = NO;
				CLANG_CXX_LANGUAGE_STANDARD = "gnu++0x";
				CLANG_CXX_LIBRARY = "libc++";
				CLANG_ENABLE_MODULES = YES;
				CLANG_ENABLE_OBJC_ARC = YES;
				CLANG_WARN_BOOL_CONVERSION = YES;
				CLANG_WARN_CONSTANT_CONVERSION = YES;
				CLANG_WARN_DIRECT_OBJC_ISA_USAGE = YES_ERROR;
				CLANG_WARN_EMPTY_BODY = YES;
				CLANG_WARN_ENUM_CONVERSION = YES;
				CLANG_WARN_INT_CONVERSION = YES;
				CLANG_WARN_OBJC_ROOT_CLASS = YES_ERROR;
				CLANG_WARN__DUPLICATE_METHOD_MATCH = YES;
				"CODE_SIGN_IDENTITY[sdk=iphoneos*]" = "iPhone Developer";
				COPY_PHASE_STRIP = NO;
				GCC_C_LANGUAGE_STANDARD = gnu99;
				GCC_DYNAMIC_NO_PIC = NO;
				GCC_OPTIMIZATION_LEVEL = 0;
				GCC_PREPROCESSOR_DEFINITIONS = (
					"DEBUG=1",
					"$(inherited)",
				);
				GCC_SYMBOLS_PRIVATE_EXTERN = NO;
				GCC_WARN_64_TO_32_BIT_CONVERSION = YES;
				GCC_WARN_ABOUT_RETURN_TYPE = YES_ERROR;
				GCC_WARN_UNDECLARED_SELECTOR = YES;
				GCC_WARN_UNINITIALIZED_AUTOS = YES_AGGRESSIVE;
				GCC_WARN_UNUSED_FUNCTION = YES;
				GCC_WARN_UNUSED_VARIABLE = YES;
				IPHONEOS_DEPLOYMENT_TARGET = 7.1;
				ONLY_ACTIVE_ARCH = YES;
				SDKROOT = iphoneos;
			};
			name = Debug;
		};
		49A1863819B253020077C3CC /* Release */ = {
			isa = XCBuildConfiguration;
			buildSettings = {
				ALWAYS_SEARCH_USER_PATHS = NO;
				CLANG_CXX_LANGUAGE_STANDARD = "gnu++0x";
				CLANG_CXX_LIBRARY = "libc++";
				CLANG_ENABLE_MODULES = YES;
				CLANG_ENABLE_OBJC_ARC = YES;
				CLANG_WARN_BOOL_CONVERSION = YES;
				CLANG_WARN_CONSTANT_CONVERSION = YES;
				CLANG_WARN_DIRECT_OBJC_ISA_USAGE = YES_ERROR;
				CLANG_WARN_EMPTY_BODY = YES;
				CLANG_WARN_ENUM_CONVERSION = YES;
				CLANG_WARN_INT_CONVERSION = YES;
				CLANG_WARN_OBJC_ROOT_CLASS = YES_ERROR;
				CLANG_WARN__DUPLICATE_METHOD_MATCH = YES;
				"CODE_SIGN_IDENTITY[sdk=iphoneos*]" = "iPhone Developer";
				COPY_PHASE_STRIP = YES;
				ENABLE_NS_ASSERTIONS = NO;
				GCC_C_LANGUAGE_STANDARD = gnu99;
				GCC_WARN_64_TO_32_BIT_CONVERSION = YES;
				GCC_WARN_ABOUT_RETURN_TYPE = YES_ERROR;
				GCC_WARN_UNDECLARED_SELECTOR = YES;
				GCC_WARN_UNINITIALIZED_AUTOS = YES_AGGRESSIVE;
				GCC_WARN_UNUSED_FUNCTION = YES;
				GCC_WARN_UNUSED_VARIABLE = YES;
				IPHONEOS_DEPLOYMENT_TARGET = 7.1;
				SDKROOT = iphoneos;
				VALIDATE_PRODUCT = YES;
			};
			name = Release;
		};
		49A1863A19B253020077C3CC /* Debug */ = {
			isa = XCBuildConfiguration;
			buildSettings = {
				ASSETCATALOG_COMPILER_APPICON_NAME = AppIcon;
				ASSETCATALOG_COMPILER_LAUNCHIMAGE_NAME = LaunchImage;
				GCC_PRECOMPILE_PREFIX_HEADER = YES;
				GCC_PREFIX_HEADER = "ProjectSix/ProjectSix-Prefix.pch";
				INFOPLIST_FILE = "ProjectSix/ProjectSix-Info.plist";
				PRODUCT_NAME = "$(TARGET_NAME)";
				WRAPPER_EXTENSION = app;
			};
			name = Debug;
		};
		49A1863B19B253020077C3CC /* Release */ = {
			isa = XCBuildConfiguration;
			buildSettings = {
				ASSETCATALOG_COMPILER_APPICON_NAME = AppIcon;
				ASSETCATALOG_COMPILER_LAUNCHIMAGE_NAME = LaunchImage;
				GCC_PRECOMPILE_PREFIX_HEADER = YES;
				GCC_PREFIX_HEADER = "ProjectSix/ProjectSix-Prefix.pch";
				INFOPLIST_FILE = "ProjectSix/ProjectSix-Info.plist";
				PRODUCT_NAME = "$(TARGET_NAME)";
				WRAPPER_EXTENSION = app;
			};
			name = Release;
		};
		49A1863D19B253020077C3CC /* Debug */ = {
			isa = XCBuildConfiguration;
			buildSettings = {
				BUNDLE_LOADER = "$(BUILT_PRODUCTS_DIR)/ProjectSix.app/ProjectSix";
				FRAMEWORK_SEARCH_PATHS = (
					"$(SDKROOT)/Developer/Library/Frameworks",
					"$(inherited)",
					"$(DEVELOPER_FRAMEWORKS_DIR)",
				);
				GCC_PRECOMPILE_PREFIX_HEADER = YES;
				GCC_PREFIX_HEADER = "ProjectSix/ProjectSix-Prefix.pch";
				GCC_PREPROCESSOR_DEFINITIONS = (
					"DEBUG=1",
					"$(inherited)",
				);
				INFOPLIST_FILE = "ProjectSixTests/ProjectSixTests-Info.plist";
				PRODUCT_NAME = "$(TARGET_NAME)";
				TEST_HOST = "$(BUNDLE_LOADER)";
				WRAPPER_EXTENSION = xctest;
			};
			name = Debug;
		};
		49A1863E19B253020077C3CC /* Release */ = {
			isa = XCBuildConfiguration;
			buildSettings = {
				BUNDLE_LOADER = "$(BUILT_PRODUCTS_DIR)/ProjectSix.app/ProjectSix";
				FRAMEWORK_SEARCH_PATHS = (
					"$(SDKROOT)/Developer/Library/Frameworks",
					"$(inherited)",
					"$(DEVELOPER_FRAMEWORKS_DIR)",
				);
				GCC_PRECOMPILE_PREFIX_HEADER = YES;
				GCC_PREFIX_HEADER = "ProjectSix/ProjectSix-Prefix.pch";
				INFOPLIST_FILE = "ProjectSixTests/ProjectSixTests-Info.plist";
				PRODUCT_NAME = "$(TARGET_NAME)";
				TEST_HOST = "$(BUNDLE_LOADER)";
				WRAPPER_EXTENSION = xctest;
			};
			name = Release;
		};
/* End XCBuildConfiguration section */

/* Begin XCConfigurationList section */
		49A1860219B253010077C3CC /* Build configuration list for PBXProject "ProjectSix" */ = {
			isa = XCConfigurationList;
			buildConfigurations = (
				49A1863719B253020077C3CC /* Debug */,
				49A1863819B253020077C3CC /* Release */,
			);
			defaultConfigurationIsVisible = 0;
			defaultConfigurationName = Release;
		};
		49A1863919B253020077C3CC /* Build configuration list for PBXNativeTarget "ProjectSix" */ = {
			isa = XCConfigurationList;
			buildConfigurations = (
				49A1863A19B253020077C3CC /* Debug */,
				49A1863B19B253020077C3CC /* Release */,
			);
			defaultConfigurationIsVisible = 0;
		};
		49A1863C19B253020077C3CC /* Build configuration list for PBXNativeTarget "ProjectSixTests" */ = {
			isa = XCConfigurationList;
			buildConfigurations = (
				49A1863D19B253020077C3CC /* Debug */,
				49A1863E19B253020077C3CC /* Release */,
			);
			defaultConfigurationIsVisible = 0;
		};
/* End XCConfigurationList section */
	};
	rootObject = 49A185FF19B253010077C3CC /* Project object */;
}
